// !$*UTF8*$!
{
	archiveVersion = 1;
	classes = {
	};
	objectVersion = 56;
	objects = {

/* Begin PBXBuildFile section */
		4845735B8FCE74E91B667047 /* Pods_TCAPlaygrounds.framework in Frameworks */ = {isa = PBXBuildFile; fileRef = 9F6E67A5C7F3628DC96DB193 /* Pods_TCAPlaygrounds.framework */; };
		6CA3ECF228D084290066DC40 /* GoogleMapView.swift in Sources */ = {isa = PBXBuildFile; fileRef = 6CA3ECF128D084290066DC40 /* GoogleMapView.swift */; };
		6CA3ECF428D0883B0066DC40 /* EnvironmentValues+GoogleMapAPIKey.swift in Sources */ = {isa = PBXBuildFile; fileRef = 6CA3ECF328D0883B0066DC40 /* EnvironmentValues+GoogleMapAPIKey.swift */; };
		6CDB9FED28D04AB100B4248F /* TCAPlaygroundsApp.swift in Sources */ = {isa = PBXBuildFile; fileRef = 6CDB9FEC28D04AB100B4248F /* TCAPlaygroundsApp.swift */; };
		6CDB9FEF28D04AB100B4248F /* ContentView.swift in Sources */ = {isa = PBXBuildFile; fileRef = 6CDB9FEE28D04AB100B4248F /* ContentView.swift */; };
		6CDB9FF128D04AB500B4248F /* Assets.xcassets in Resources */ = {isa = PBXBuildFile; fileRef = 6CDB9FF028D04AB500B4248F /* Assets.xcassets */; };
		6CDB9FF428D04AB500B4248F /* Preview Assets.xcassets in Resources */ = {isa = PBXBuildFile; fileRef = 6CDB9FF328D04AB500B4248F /* Preview Assets.xcassets */; };
		6CDB9FFE28D04AB500B4248F /* TCAPlaygroundsTests.swift in Sources */ = {isa = PBXBuildFile; fileRef = 6CDB9FFD28D04AB500B4248F /* TCAPlaygroundsTests.swift */; };
		7AE992230B95F5537E07E7DF /* Pods_TCAPlaygroundsTests.framework in Frameworks */ = {isa = PBXBuildFile; fileRef = 435ABC1EEB8CB477549BE622 /* Pods_TCAPlaygroundsTests.framework */; };
/* End PBXBuildFile section */

/* Begin PBXContainerItemProxy section */
		6CDB9FFA28D04AB500B4248F /* PBXContainerItemProxy */ = {
			isa = PBXContainerItemProxy;
			containerPortal = 6CDB9FE128D04AB100B4248F /* Project object */;
			proxyType = 1;
			remoteGlobalIDString = 6CDB9FE828D04AB100B4248F;
			remoteInfo = TCAPlaygrounds;
		};
/* End PBXContainerItemProxy section */

/* Begin PBXFileReference section */
		435ABC1EEB8CB477549BE622 /* Pods_TCAPlaygroundsTests.framework */ = {isa = PBXFileReference; explicitFileType = wrapper.framework; includeInIndex = 0; path = Pods_TCAPlaygroundsTests.framework; sourceTree = BUILT_PRODUCTS_DIR; };
		6CA3ECF128D084290066DC40 /* GoogleMapView.swift */ = {isa = PBXFileReference; lastKnownFileType = sourcecode.swift; path = GoogleMapView.swift; sourceTree = "<group>"; };
		6CA3ECF328D0883B0066DC40 /* EnvironmentValues+GoogleMapAPIKey.swift */ = {isa = PBXFileReference; lastKnownFileType = sourcecode.swift; path = "EnvironmentValues+GoogleMapAPIKey.swift"; sourceTree = "<group>"; };
		6CDB9FE928D04AB100B4248F /* TCAPlaygrounds.app */ = {isa = PBXFileReference; explicitFileType = wrapper.application; includeInIndex = 0; path = TCAPlaygrounds.app; sourceTree = BUILT_PRODUCTS_DIR; };
		6CDB9FEC28D04AB100B4248F /* TCAPlaygroundsApp.swift */ = {isa = PBXFileReference; lastKnownFileType = sourcecode.swift; path = TCAPlaygroundsApp.swift; sourceTree = "<group>"; };
		6CDB9FEE28D04AB100B4248F /* ContentView.swift */ = {isa = PBXFileReference; lastKnownFileType = sourcecode.swift; path = ContentView.swift; sourceTree = "<group>"; };
		6CDB9FF028D04AB500B4248F /* Assets.xcassets */ = {isa = PBXFileReference; lastKnownFileType = folder.assetcatalog; path = Assets.xcassets; sourceTree = "<group>"; };
		6CDB9FF328D04AB500B4248F /* Preview Assets.xcassets */ = {isa = PBXFileReference; lastKnownFileType = folder.assetcatalog; path = "Preview Assets.xcassets"; sourceTree = "<group>"; };
		6CDB9FF928D04AB500B4248F /* TCAPlaygroundsTests.xctest */ = {isa = PBXFileReference; explicitFileType = wrapper.cfbundle; includeInIndex = 0; path = TCAPlaygroundsTests.xctest; sourceTree = BUILT_PRODUCTS_DIR; };
		6CDB9FFD28D04AB500B4248F /* TCAPlaygroundsTests.swift */ = {isa = PBXFileReference; lastKnownFileType = sourcecode.swift; path = TCAPlaygroundsTests.swift; sourceTree = "<group>"; };
		9F6E67A5C7F3628DC96DB193 /* Pods_TCAPlaygrounds.framework */ = {isa = PBXFileReference; explicitFileType = wrapper.framework; includeInIndex = 0; path = Pods_TCAPlaygrounds.framework; sourceTree = BUILT_PRODUCTS_DIR; };
		C16823BE7A1AA1097B67C518 /* Pods-TCAPlaygrounds.debug.xcconfig */ = {isa = PBXFileReference; includeInIndex = 1; lastKnownFileType = text.xcconfig; name = "Pods-TCAPlaygrounds.debug.xcconfig"; path = "Target Support Files/Pods-TCAPlaygrounds/Pods-TCAPlaygrounds.debug.xcconfig"; sourceTree = "<group>"; };
		D6E8C1040895D7A71B40E997 /* Pods-TCAPlaygrounds.release.xcconfig */ = {isa = PBXFileReference; includeInIndex = 1; lastKnownFileType = text.xcconfig; name = "Pods-TCAPlaygrounds.release.xcconfig"; path = "Target Support Files/Pods-TCAPlaygrounds/Pods-TCAPlaygrounds.release.xcconfig"; sourceTree = "<group>"; };
		F2B0B8B143F5778571367FA8 /* Pods-TCAPlaygroundsTests.debug.xcconfig */ = {isa = PBXFileReference; includeInIndex = 1; lastKnownFileType = text.xcconfig; name = "Pods-TCAPlaygroundsTests.debug.xcconfig"; path = "Target Support Files/Pods-TCAPlaygroundsTests/Pods-TCAPlaygroundsTests.debug.xcconfig"; sourceTree = "<group>"; };
		F6FA0F1021AACEFF68B6F63F /* Pods-TCAPlaygroundsTests.release.xcconfig */ = {isa = PBXFileReference; includeInIndex = 1; lastKnownFileType = text.xcconfig; name = "Pods-TCAPlaygroundsTests.release.xcconfig"; path = "Target Support Files/Pods-TCAPlaygroundsTests/Pods-TCAPlaygroundsTests.release.xcconfig"; sourceTree = "<group>"; };
/* End PBXFileReference section */

/* Begin PBXFrameworksBuildPhase section */
		6CDB9FE628D04AB100B4248F /* Frameworks */ = {
			isa = PBXFrameworksBuildPhase;
			buildActionMask = 2147483647;
			files = (
				4845735B8FCE74E91B667047 /* Pods_TCAPlaygrounds.framework in Frameworks */,
			);
			runOnlyForDeploymentPostprocessing = 0;
		};
		6CDB9FF628D04AB500B4248F /* Frameworks */ = {
			isa = PBXFrameworksBuildPhase;
			buildActionMask = 2147483647;
			files = (
				7AE992230B95F5537E07E7DF /* Pods_TCAPlaygroundsTests.framework in Frameworks */,
			);
			runOnlyForDeploymentPostprocessing = 0;
		};
/* End PBXFrameworksBuildPhase section */

/* Begin PBXGroup section */
		585931C1857850814355B5D7 /* Pods */ = {
			isa = PBXGroup;
			children = (
				C16823BE7A1AA1097B67C518 /* Pods-TCAPlaygrounds.debug.xcconfig */,
				D6E8C1040895D7A71B40E997 /* Pods-TCAPlaygrounds.release.xcconfig */,
				F2B0B8B143F5778571367FA8 /* Pods-TCAPlaygroundsTests.debug.xcconfig */,
				F6FA0F1021AACEFF68B6F63F /* Pods-TCAPlaygroundsTests.release.xcconfig */,
			);
			path = Pods;
			sourceTree = "<group>";
		};
		6CDB9FE028D04AB100B4248F = {
			isa = PBXGroup;
			children = (
				6CDB9FEB28D04AB100B4248F /* TCAPlaygrounds */,
				6CDB9FFC28D04AB500B4248F /* TCAPlaygroundsTests */,
				6CDB9FEA28D04AB100B4248F /* Products */,
				585931C1857850814355B5D7 /* Pods */,
				D86B1E61BF4A88FC37848BCA /* Frameworks */,
			);
			sourceTree = "<group>";
		};
		6CDB9FEA28D04AB100B4248F /* Products */ = {
			isa = PBXGroup;
			children = (
				6CDB9FE928D04AB100B4248F /* TCAPlaygrounds.app */,
				6CDB9FF928D04AB500B4248F /* TCAPlaygroundsTests.xctest */,
			);
			name = Products;
			sourceTree = "<group>";
		};
		6CDB9FEB28D04AB100B4248F /* TCAPlaygrounds */ = {
			isa = PBXGroup;
			children = (
				6CDB9FEC28D04AB100B4248F /* TCAPlaygroundsApp.swift */,
				6CDB9FEE28D04AB100B4248F /* ContentView.swift */,
				6CA3ECF128D084290066DC40 /* GoogleMapView.swift */,
				6CA3ECF328D0883B0066DC40 /* EnvironmentValues+GoogleMapAPIKey.swift */,
				6CDB9FF028D04AB500B4248F /* Assets.xcassets */,
				6CDB9FF228D04AB500B4248F /* Preview Content */,
			);
			path = TCAPlaygrounds;
			sourceTree = "<group>";
		};
		6CDB9FF228D04AB500B4248F /* Preview Content */ = {
			isa = PBXGroup;
			children = (
				6CDB9FF328D04AB500B4248F /* Preview Assets.xcassets */,
			);
			path = "Preview Content";
			sourceTree = "<group>";
		};
		6CDB9FFC28D04AB500B4248F /* TCAPlaygroundsTests */ = {
			isa = PBXGroup;
			children = (
				6CDB9FFD28D04AB500B4248F /* TCAPlaygroundsTests.swift */,
			);
			path = TCAPlaygroundsTests;
			sourceTree = "<group>";
		};
		D86B1E61BF4A88FC37848BCA /* Frameworks */ = {
			isa = PBXGroup;
			children = (
				9F6E67A5C7F3628DC96DB193 /* Pods_TCAPlaygrounds.framework */,
				435ABC1EEB8CB477549BE622 /* Pods_TCAPlaygroundsTests.framework */,
			);
			name = Frameworks;
			sourceTree = "<group>";
		};
/* End PBXGroup section */

/* Begin PBXNativeTarget section */
		6CDB9FE828D04AB100B4248F /* TCAPlaygrounds */ = {
			isa = PBXNativeTarget;
			buildConfigurationList = 6CDBA00D28D04AB500B4248F /* Build configuration list for PBXNativeTarget "TCAPlaygrounds" */;
			buildPhases = (
				BD029D3628939DD7D9A7896F /* [CP] Check Pods Manifest.lock */,
				6CDB9FE528D04AB100B4248F /* Sources */,
				6CDB9FE628D04AB100B4248F /* Frameworks */,
				6CDB9FE728D04AB100B4248F /* Resources */,
				6CCE232628D056EA001002CC /* Run Script (Google Map API Key) */,
				5821EB69C5442E47B71A5262 /* [CP] Copy Pods Resources */,
			);
			buildRules = (
			);
			dependencies = (
			);
			name = TCAPlaygrounds;
			productName = TCAPlaygrounds;
			productReference = 6CDB9FE928D04AB100B4248F /* TCAPlaygrounds.app */;
			productType = "com.apple.product-type.application";
		};
		6CDB9FF828D04AB500B4248F /* TCAPlaygroundsTests */ = {
			isa = PBXNativeTarget;
			buildConfigurationList = 6CDBA01028D04AB500B4248F /* Build configuration list for PBXNativeTarget "TCAPlaygroundsTests" */;
			buildPhases = (
				C0E2D49124CFA88D941FD148 /* [CP] Check Pods Manifest.lock */,
				6CDB9FF528D04AB500B4248F /* Sources */,
				6CDB9FF628D04AB500B4248F /* Frameworks */,
				6CDB9FF728D04AB500B4248F /* Resources */,
			);
			buildRules = (
			);
			dependencies = (
				6CDB9FFB28D04AB500B4248F /* PBXTargetDependency */,
			);
			name = TCAPlaygroundsTests;
			productName = TCAPlaygroundsTests;
			productReference = 6CDB9FF928D04AB500B4248F /* TCAPlaygroundsTests.xctest */;
			productType = "com.apple.product-type.bundle.unit-test";
		};
/* End PBXNativeTarget section */

/* Begin PBXProject section */
		6CDB9FE128D04AB100B4248F /* Project object */ = {
			isa = PBXProject;
			attributes = {
				BuildIndependentTargetsInParallel = 1;
				LastSwiftUpdateCheck = 1400;
				LastUpgradeCheck = 1400;
				TargetAttributes = {
					6CDB9FE828D04AB100B4248F = {
						CreatedOnToolsVersion = 14.0;
					};
					6CDB9FF828D04AB500B4248F = {
						CreatedOnToolsVersion = 14.0;
						TestTargetID = 6CDB9FE828D04AB100B4248F;
					};
				};
			};
			buildConfigurationList = 6CDB9FE428D04AB100B4248F /* Build configuration list for PBXProject "TCAPlaygrounds" */;
			compatibilityVersion = "Xcode 14.0";
			developmentRegion = en;
			hasScannedForEncodings = 0;
			knownRegions = (
				en,
				Base,
			);
			mainGroup = 6CDB9FE028D04AB100B4248F;
			productRefGroup = 6CDB9FEA28D04AB100B4248F /* Products */;
			projectDirPath = "";
			projectRoot = "";
			targets = (
				6CDB9FE828D04AB100B4248F /* TCAPlaygrounds */,
				6CDB9FF828D04AB500B4248F /* TCAPlaygroundsTests */,
			);
		};
/* End PBXProject section */

/* Begin PBXResourcesBuildPhase section */
		6CDB9FE728D04AB100B4248F /* Resources */ = {
			isa = PBXResourcesBuildPhase;
			buildActionMask = 2147483647;
			files = (
				6CDB9FF428D04AB500B4248F /* Preview Assets.xcassets in Resources */,
				6CDB9FF128D04AB500B4248F /* Assets.xcassets in Resources */,
			);
			runOnlyForDeploymentPostprocessing = 0;
		};
		6CDB9FF728D04AB500B4248F /* Resources */ = {
			isa = PBXResourcesBuildPhase;
			buildActionMask = 2147483647;
			files = (
			);
			runOnlyForDeploymentPostprocessing = 0;
		};
/* End PBXResourcesBuildPhase section */

/* Begin PBXShellScriptBuildPhase section */
		5821EB69C5442E47B71A5262 /* [CP] Copy Pods Resources */ = {
			isa = PBXShellScriptBuildPhase;
			buildActionMask = 2147483647;
			files = (
			);
			inputFileListPaths = (
				"${PODS_ROOT}/Target Support Files/Pods-TCAPlaygrounds/Pods-TCAPlaygrounds-resources-${CONFIGURATION}-input-files.xcfilelist",
			);
			name = "[CP] Copy Pods Resources";
			outputFileListPaths = (
				"${PODS_ROOT}/Target Support Files/Pods-TCAPlaygrounds/Pods-TCAPlaygrounds-resources-${CONFIGURATION}-output-files.xcfilelist",
			);
			runOnlyForDeploymentPostprocessing = 0;
			shellPath = /bin/sh;
			shellScript = "\"${PODS_ROOT}/Target Support Files/Pods-TCAPlaygrounds/Pods-TCAPlaygrounds-resources.sh\"\n";
			showEnvVarsInLog = 0;
		};
		6CCE232628D056EA001002CC /* Run Script (Google Map API Key) */ = {
			isa = PBXShellScriptBuildPhase;
			alwaysOutOfDate = 1;
			buildActionMask = 2147483647;
			files = (
			);
			inputFileListPaths = (
			);
			inputPaths = (
				"$(TARGET_BUILD_DIR)/$(INFOPLIST_PATH)",
				./.googlemap,
			);
			name = "Run Script (Google Map API Key)";
			outputFileListPaths = (
			);
			outputPaths = (
			);
			runOnlyForDeploymentPostprocessing = 0;
			shellPath = /bin/sh;
			shellScript = "token_file=./.googlemap\ntoken=\"$(cat $token_file 2>/dev/null)\"\nif [ \"$token\" ]; then\n    plutil -replace GMSAPIKey -string $token \"$TARGET_BUILD_DIR/$INFOPLIST_PATH\"\nelse\n    echo 'warning: Missing Google Maps API Key'\nfi\n";
		};
		BD029D3628939DD7D9A7896F /* [CP] Check Pods Manifest.lock */ = {
			isa = PBXShellScriptBuildPhase;
			buildActionMask = 2147483647;
			files = (
			);
			inputFileListPaths = (
			);
			inputPaths = (
				"${PODS_PODFILE_DIR_PATH}/Podfile.lock",
				"${PODS_ROOT}/Manifest.lock",
			);
			name = "[CP] Check Pods Manifest.lock";
			outputFileListPaths = (
			);
			outputPaths = (
				"$(DERIVED_FILE_DIR)/Pods-TCAPlaygrounds-checkManifestLockResult.txt",
			);
			runOnlyForDeploymentPostprocessing = 0;
			shellPath = /bin/sh;
			shellScript = "diff \"${PODS_PODFILE_DIR_PATH}/Podfile.lock\" \"${PODS_ROOT}/Manifest.lock\" > /dev/null\nif [ $? != 0 ] ; then\n    # print error to STDERR\n    echo \"error: The sandbox is not in sync with the Podfile.lock. Run 'pod install' or update your CocoaPods installation.\" >&2\n    exit 1\nfi\n# This output is used by Xcode 'outputs' to avoid re-running this script phase.\necho \"SUCCESS\" > \"${SCRIPT_OUTPUT_FILE_0}\"\n";
			showEnvVarsInLog = 0;
		};
		C0E2D49124CFA88D941FD148 /* [CP] Check Pods Manifest.lock */ = {
			isa = PBXShellScriptBuildPhase;
			buildActionMask = 2147483647;
			files = (
			);
			inputFileListPaths = (
			);
			inputPaths = (
				"${PODS_PODFILE_DIR_PATH}/Podfile.lock",
				"${PODS_ROOT}/Manifest.lock",
			);
			name = "[CP] Check Pods Manifest.lock";
			outputFileListPaths = (
			);
			outputPaths = (
				"$(DERIVED_FILE_DIR)/Pods-TCAPlaygroundsTests-checkManifestLockResult.txt",
			);
			runOnlyForDeploymentPostprocessing = 0;
			shellPath = /bin/sh;
			shellScript = "diff \"${PODS_PODFILE_DIR_PATH}/Podfile.lock\" \"${PODS_ROOT}/Manifest.lock\" > /dev/null\nif [ $? != 0 ] ; then\n    # print error to STDERR\n    echo \"error: The sandbox is not in sync with the Podfile.lock. Run 'pod install' or update your CocoaPods installation.\" >&2\n    exit 1\nfi\n# This output is used by Xcode 'outputs' to avoid re-running this script phase.\necho \"SUCCESS\" > \"${SCRIPT_OUTPUT_FILE_0}\"\n";
			showEnvVarsInLog = 0;
		};
/* End PBXShellScriptBuildPhase section */

/* Begin PBXSourcesBuildPhase section */
		6CDB9FE528D04AB100B4248F /* Sources */ = {
			isa = PBXSourcesBuildPhase;
			buildActionMask = 2147483647;
			files = (
				6CA3ECF428D0883B0066DC40 /* EnvironmentValues+GoogleMapAPIKey.swift in Sources */,
				6CA3ECF228D084290066DC40 /* GoogleMapView.swift in Sources */,
				6CDB9FEF28D04AB100B4248F /* ContentView.swift in Sources */,
				6CDB9FED28D04AB100B4248F /* TCAPlaygroundsApp.swift in Sources */,
			);
			runOnlyForDeploymentPostprocessing = 0;
		};
		6CDB9FF528D04AB500B4248F /* Sources */ = {
			isa = PBXSourcesBuildPhase;
			buildActionMask = 2147483647;
			files = (
				6CDB9FFE28D04AB500B4248F /* TCAPlaygroundsTests.swift in Sources */,
			);
			runOnlyForDeploymentPostprocessing = 0;
		};
/* End PBXSourcesBuildPhase section */

/* Begin PBXTargetDependency section */
		6CDB9FFB28D04AB500B4248F /* PBXTargetDependency */ = {
			isa = PBXTargetDependency;
			target = 6CDB9FE828D04AB100B4248F /* TCAPlaygrounds */;
			targetProxy = 6CDB9FFA28D04AB500B4248F /* PBXContainerItemProxy */;
		};
/* End PBXTargetDependency section */

/* Begin XCBuildConfiguration section */
		6CDBA00B28D04AB500B4248F /* Debug */ = {
			isa = XCBuildConfiguration;
			buildSettings = {
				ALWAYS_SEARCH_USER_PATHS = NO;
				CLANG_ANALYZER_NONNULL = YES;
				CLANG_ANALYZER_NUMBER_OBJECT_CONVERSION = YES_AGGRESSIVE;
				CLANG_CXX_LANGUAGE_STANDARD = "gnu++20";
				CLANG_ENABLE_MODULES = YES;
				CLANG_ENABLE_OBJC_ARC = YES;
				CLANG_ENABLE_OBJC_WEAK = YES;
				CLANG_WARN_BLOCK_CAPTURE_AUTORELEASING = YES;
				CLANG_WARN_BOOL_CONVERSION = YES;
				CLANG_WARN_COMMA = YES;
				CLANG_WARN_CONSTANT_CONVERSION = YES;
				CLANG_WARN_DEPRECATED_OBJC_IMPLEMENTATIONS = YES;
				CLANG_WARN_DIRECT_OBJC_ISA_USAGE = YES_ERROR;
				CLANG_WARN_DOCUMENTATION_COMMENTS = YES;
				CLANG_WARN_EMPTY_BODY = YES;
				CLANG_WARN_ENUM_CONVERSION = YES;
				CLANG_WARN_INFINITE_RECURSION = YES;
				CLANG_WARN_INT_CONVERSION = YES;
				CLANG_WARN_NON_LITERAL_NULL_CONVERSION = YES;
				CLANG_WARN_OBJC_IMPLICIT_RETAIN_SELF = YES;
				CLANG_WARN_OBJC_LITERAL_CONVERSION = YES;
				CLANG_WARN_OBJC_ROOT_CLASS = YES_ERROR;
				CLANG_WARN_QUOTED_INCLUDE_IN_FRAMEWORK_HEADER = YES;
				CLANG_WARN_RANGE_LOOP_ANALYSIS = YES;
				CLANG_WARN_STRICT_PROTOTYPES = YES;
				CLANG_WARN_SUSPICIOUS_MOVE = YES;
				CLANG_WARN_UNGUARDED_AVAILABILITY = YES_AGGRESSIVE;
				CLANG_WARN_UNREACHABLE_CODE = YES;
				CLANG_WARN__DUPLICATE_METHOD_MATCH = YES;
				COPY_PHASE_STRIP = NO;
				DEBUG_INFORMATION_FORMAT = dwarf;
				ENABLE_STRICT_OBJC_MSGSEND = YES;
				ENABLE_TESTABILITY = YES;
				GCC_C_LANGUAGE_STANDARD = gnu11;
				GCC_DYNAMIC_NO_PIC = NO;
				GCC_NO_COMMON_BLOCKS = YES;
				GCC_OPTIMIZATION_LEVEL = 0;
				GCC_PREPROCESSOR_DEFINITIONS = (
					"DEBUG=1",
					"$(inherited)",
				);
				GCC_WARN_64_TO_32_BIT_CONVERSION = YES;
				GCC_WARN_ABOUT_RETURN_TYPE = YES_ERROR;
				GCC_WARN_UNDECLARED_SELECTOR = YES;
				GCC_WARN_UNINITIALIZED_AUTOS = YES_AGGRESSIVE;
				GCC_WARN_UNUSED_FUNCTION = YES;
				GCC_WARN_UNUSED_VARIABLE = YES;
				IPHONEOS_DEPLOYMENT_TARGET = 16.0;
				MTL_ENABLE_DEBUG_INFO = INCLUDE_SOURCE;
				MTL_FAST_MATH = YES;
				ONLY_ACTIVE_ARCH = YES;
				SDKROOT = iphoneos;
				SWIFT_ACTIVE_COMPILATION_CONDITIONS = DEBUG;
				SWIFT_OPTIMIZATION_LEVEL = "-Onone";
			};
			name = Debug;
		};
		6CDBA00C28D04AB500B4248F /* Release */ = {
			isa = XCBuildConfiguration;
			buildSettings = {
				ALWAYS_SEARCH_USER_PATHS = NO;
				CLANG_ANALYZER_NONNULL = YES;
				CLANG_ANALYZER_NUMBER_OBJECT_CONVERSION = YES_AGGRESSIVE;
				CLANG_CXX_LANGUAGE_STANDARD = "gnu++20";
				CLANG_ENABLE_MODULES = YES;
				CLANG_ENABLE_OBJC_ARC = YES;
				CLANG_ENABLE_OBJC_WEAK = YES;
				CLANG_WARN_BLOCK_CAPTURE_AUTORELEASING = YES;
				CLANG_WARN_BOOL_CONVERSION = YES;
				CLANG_WARN_COMMA = YES;
				CLANG_WARN_CONSTANT_CONVERSION = YES;
				CLANG_WARN_DEPRECATED_OBJC_IMPLEMENTATIONS = YES;
				CLANG_WARN_DIRECT_OBJC_ISA_USAGE = YES_ERROR;
				CLANG_WARN_DOCUMENTATION_COMMENTS = YES;
				CLANG_WARN_EMPTY_BODY = YES;
				CLANG_WARN_ENUM_CONVERSION = YES;
				CLANG_WARN_INFINITE_RECURSION = YES;
				CLANG_WARN_INT_CONVERSION = YES;
				CLANG_WARN_NON_LITERAL_NULL_CONVERSION = YES;
				CLANG_WARN_OBJC_IMPLICIT_RETAIN_SELF = YES;
				CLANG_WARN_OBJC_LITERAL_CONVERSION = YES;
				CLANG_WARN_OBJC_ROOT_CLASS = YES_ERROR;
				CLANG_WARN_QUOTED_INCLUDE_IN_FRAMEWORK_HEADER = YES;
				CLANG_WARN_RANGE_LOOP_ANALYSIS = YES;
				CLANG_WARN_STRICT_PROTOTYPES = YES;
				CLANG_WARN_SUSPICIOUS_MOVE = YES;
				CLANG_WARN_UNGUARDED_AVAILABILITY = YES_AGGRESSIVE;
				CLANG_WARN_UNREACHABLE_CODE = YES;
				CLANG_WARN__DUPLICATE_METHOD_MATCH = YES;
				COPY_PHASE_STRIP = NO;
				DEBUG_INFORMATION_FORMAT = "dwarf-with-dsym";
				ENABLE_NS_ASSERTIONS = NO;
				ENABLE_STRICT_OBJC_MSGSEND = YES;
				GCC_C_LANGUAGE_STANDARD = gnu11;
				GCC_NO_COMMON_BLOCKS = YES;
				GCC_WARN_64_TO_32_BIT_CONVERSION = YES;
				GCC_WARN_ABOUT_RETURN_TYPE = YES_ERROR;
				GCC_WARN_UNDECLARED_SELECTOR = YES;
				GCC_WARN_UNINITIALIZED_AUTOS = YES_AGGRESSIVE;
				GCC_WARN_UNUSED_FUNCTION = YES;
				GCC_WARN_UNUSED_VARIABLE = YES;
				IPHONEOS_DEPLOYMENT_TARGET = 16.0;
				MTL_ENABLE_DEBUG_INFO = NO;
				MTL_FAST_MATH = YES;
				SDKROOT = iphoneos;
				SWIFT_COMPILATION_MODE = wholemodule;
				SWIFT_OPTIMIZATION_LEVEL = "-O";
				VALIDATE_PRODUCT = YES;
			};
			name = Release;
		};
		6CDBA00E28D04AB500B4248F /* Debug */ = {
			isa = XCBuildConfiguration;
			baseConfigurationReference = C16823BE7A1AA1097B67C518 /* Pods-TCAPlaygrounds.debug.xcconfig */;
			buildSettings = {
				ASSETCATALOG_COMPILER_APPICON_NAME = AppIcon;
				ASSETCATALOG_COMPILER_GLOBAL_ACCENT_COLOR_NAME = AccentColor;
				CODE_SIGN_STYLE = Automatic;
				CURRENT_PROJECT_VERSION = 1;
				DEVELOPMENT_ASSET_PATHS = "\"TCAPlaygrounds/Preview Content\"";
				ENABLE_PREVIEWS = YES;
				GENERATE_INFOPLIST_FILE = YES;
				INFOPLIST_KEY_UIApplicationSceneManifest_Generation = YES;
				INFOPLIST_KEY_UIApplicationSupportsIndirectInputEvents = YES;
				INFOPLIST_KEY_UILaunchScreen_Generation = YES;
				INFOPLIST_KEY_UISupportedInterfaceOrientations = UIInterfaceOrientationPortrait;
				INFOPLIST_KEY_UISupportedInterfaceOrientations_iPad = "UIInterfaceOrientationLandscapeLeft UIInterfaceOrientationLandscapeRight UIInterfaceOrientationPortrait UIInterfaceOrientationPortraitUpsideDown";
				IPHONEOS_DEPLOYMENT_TARGET = 14.0;
				LD_RUNPATH_SEARCH_PATHS = (
					"$(inherited)",
					"@executable_path/Frameworks",
				);
				MARKETING_VERSION = 0.0.1;
				PRODUCT_BUNDLE_IDENTIFIER = com.exam.TCAPlaygrounds;
				PRODUCT_NAME = "$(TARGET_NAME)";
				SUPPORTED_PLATFORMS = "iphoneos iphonesimulator";
				SUPPORTS_MACCATALYST = NO;
				SUPPORTS_MAC_DESIGNED_FOR_IPHONE_IPAD = NO;
				SWIFT_EMIT_LOC_STRINGS = YES;
				SWIFT_VERSION = 5.0;
				TARGETED_DEVICE_FAMILY = 1;
			};
			name = Debug;
		};
		6CDBA00F28D04AB500B4248F /* Release */ = {
			isa = XCBuildConfiguration;
			baseConfigurationReference = D6E8C1040895D7A71B40E997 /* Pods-TCAPlaygrounds.release.xcconfig */;
			buildSettings = {
				ASSETCATALOG_COMPILER_APPICON_NAME = AppIcon;
				ASSETCATALOG_COMPILER_GLOBAL_ACCENT_COLOR_NAME = AccentColor;
				CODE_SIGN_STYLE = Automatic;
				CURRENT_PROJECT_VERSION = 1;
				DEVELOPMENT_ASSET_PATHS = "\"TCAPlaygrounds/Preview Content\"";
				ENABLE_PREVIEWS = YES;
				GENERATE_INFOPLIST_FILE = YES;
				INFOPLIST_KEY_UIApplicationSceneManifest_Generation = YES;
				INFOPLIST_KEY_UIApplicationSupportsIndirectInputEvents = YES;
				INFOPLIST_KEY_UILaunchScreen_Generation = YES;
				INFOPLIST_KEY_UISupportedInterfaceOrientations = UIInterfaceOrientationPortrait;
				INFOPLIST_KEY_UISupportedInterfaceOrientations_iPad = "UIInterfaceOrientationLandscapeLeft UIInterfaceOrientationLandscapeRight UIInterfaceOrientationPortrait UIInterfaceOrientationPortraitUpsideDown";
				IPHONEOS_DEPLOYMENT_TARGET = 14.0;
				LD_RUNPATH_SEARCH_PATHS = (
					"$(inherited)",
					"@executable_path/Frameworks",
				);
				MARKETING_VERSION = 0.0.1;
				PRODUCT_BUNDLE_IDENTIFIER = com.exam.TCAPlaygrounds;
				PRODUCT_NAME = "$(TARGET_NAME)";
				SUPPORTED_PLATFORMS = "iphoneos iphonesimulator";
				SUPPORTS_MACCATALYST = NO;
				SUPPORTS_MAC_DESIGNED_FOR_IPHONE_IPAD = NO;
				SWIFT_EMIT_LOC_STRINGS = YES;
				SWIFT_VERSION = 5.0;
				TARGETED_DEVICE_FAMILY = 1;
			};
			name = Release;
		};
		6CDBA01128D04AB500B4248F /* Debug */ = {
			isa = XCBuildConfiguration;
			baseConfigurationReference = F2B0B8B143F5778571367FA8 /* Pods-TCAPlaygroundsTests.debug.xcconfig */;
			buildSettings = {
				ALWAYS_EMBED_SWIFT_STANDARD_LIBRARIES = YES;
				BUNDLE_LOADER = "$(TEST_HOST)";
				CODE_SIGN_STYLE = Automatic;
				CURRENT_PROJECT_VERSION = 1;
				GENERATE_INFOPLIST_FILE = YES;
				IPHONEOS_DEPLOYMENT_TARGET = 16.0;
				MARKETING_VERSION = 1.0;
				PRODUCT_BUNDLE_IDENTIFIER = com.exam.TCAPlaygroundsTests;
				PRODUCT_NAME = "$(TARGET_NAME)";
				SWIFT_EMIT_LOC_STRINGS = NO;
				SWIFT_VERSION = 5.0;
				TARGETED_DEVICE_FAMILY = "1,2";
				TEST_HOST = "$(BUILT_PRODUCTS_DIR)/TCAPlaygrounds.app/$(BUNDLE_EXECUTABLE_FOLDER_PATH)/TCAPlaygrounds";
			};
			name = Debug;
		};
		6CDBA01228D04AB500B4248F /* Release */ = {
			isa = XCBuildConfiguration;
			baseConfigurationReference = F6FA0F1021AACEFF68B6F63F /* Pods-TCAPlaygroundsTests.release.xcconfig */;
			buildSettings = {
				ALWAYS_EMBED_SWIFT_STANDARD_LIBRARIES = YES;
				BUNDLE_LOADER = "$(TEST_HOST)";
				CODE_SIGN_STYLE = Automatic;
				CURRENT_PROJECT_VERSION = 1;
				GENERATE_INFOPLIST_FILE = YES;
				IPHONEOS_DEPLOYMENT_TARGET = 16.0;
				MARKETING_VERSION = 1.0;
				PRODUCT_BUNDLE_IDENTIFIER = com.exam.TCAPlaygroundsTests;
				PRODUCT_NAME = "$(TARGET_NAME)";
				SWIFT_EMIT_LOC_STRINGS = NO;
				SWIFT_VERSION = 5.0;
				TARGETED_DEVICE_FAMILY = "1,2";
				TEST_HOST = "$(BUILT_PRODUCTS_DIR)/TCAPlaygrounds.app/$(BUNDLE_EXECUTABLE_FOLDER_PATH)/TCAPlaygrounds";
			};
			name = Release;
		};
/* End XCBuildConfiguration section */

/* Begin XCConfigurationList section */
		6CDB9FE428D04AB100B4248F /* Build configuration list for PBXProject "TCAPlaygrounds" */ = {
			isa = XCConfigurationList;
			buildConfigurations = (
				6CDBA00B28D04AB500B4248F /* Debug */,
				6CDBA00C28D04AB500B4248F /* Release */,
			);
			defaultConfigurationIsVisible = 0;
			defaultConfigurationName = Release;
		};
		6CDBA00D28D04AB500B4248F /* Build configuration list for PBXNativeTarget "TCAPlaygrounds" */ = {
			isa = XCConfigurationList;
			buildConfigurations = (
				6CDBA00E28D04AB500B4248F /* Debug */,
				6CDBA00F28D04AB500B4248F /* Release */,
			);
			defaultConfigurationIsVisible = 0;
			defaultConfigurationName = Release;
		};
		6CDBA01028D04AB500B4248F /* Build configuration list for PBXNativeTarget "TCAPlaygroundsTests" */ = {
			isa = XCConfigurationList;
			buildConfigurations = (
				6CDBA01128D04AB500B4248F /* Debug */,
				6CDBA01228D04AB500B4248F /* Release */,
			);
			defaultConfigurationIsVisible = 0;
			defaultConfigurationName = Release;
		};
/* End XCConfigurationList section */
	};
	rootObject = 6CDB9FE128D04AB100B4248F /* Project object */;
}
